// !$*UTF8*$!
{
	archiveVersion = 1;
	classes = {
	};
	objectVersion = 77;
	objects = {

/* Begin PBXBuildFile section */
		11CA0E03A33846847DEC648C /* Pods_Mitra_MitraUITests.framework in Frameworks */ = {isa = PBXBuildFile; fileRef = BA5CA26184AC187CF8D58664 /* Pods_Mitra_MitraUITests.framework */; };
		143C8B4A2D6F81F00070CA24 /* .gitignore in Resources */ = {isa = PBXBuildFile; fileRef = 143C8B492D6F81E80070CA24 /* .gitignore */; };
		143C8B752D6F872A0070CA24 /* GoogleService-Info.plist in Resources */ = {isa = PBXBuildFile; fileRef = 143C8B742D6F872A0070CA24 /* GoogleService-Info.plist */; };
		A71E41891A1F32AF733DD0E3 /* Pods_Mitra.framework in Frameworks */ = {isa = PBXBuildFile; fileRef = 44F45BC853D6FA4F82FF8570 /* Pods_Mitra.framework */; };
		AD8A8BBAD2B1FF655379D2FB /* Pods_MitraTests.framework in Frameworks */ = {isa = PBXBuildFile; fileRef = 1D78669A5A6F4AD8ABA5FFBB /* Pods_MitraTests.framework */; };
/* End PBXBuildFile section */

/* Begin PBXContainerItemProxy section */
		143C8B192D6F7FA60070CA24 /* PBXContainerItemProxy */ = {
			isa = PBXContainerItemProxy;
			containerPortal = 143C8AFB2D6F7F9C0070CA24 /* Project object */;
			proxyType = 1;
			remoteGlobalIDString = 143C8B022D6F7F9C0070CA24;
			remoteInfo = Mitra;
		};
		143C8B232D6F7FA60070CA24 /* PBXContainerItemProxy */ = {
			isa = PBXContainerItemProxy;
			containerPortal = 143C8AFB2D6F7F9C0070CA24 /* Project object */;
			proxyType = 1;
			remoteGlobalIDString = 143C8B022D6F7F9C0070CA24;
			remoteInfo = Mitra;
		};
/* End PBXContainerItemProxy section */

/* Begin PBXFileReference section */
		0903266C867E2A453EDD8D7D /* Pods-Mitra-MitraUITests.debug.xcconfig */ = {isa = PBXFileReference; includeInIndex = 1; lastKnownFileType = text.xcconfig; name = "Pods-Mitra-MitraUITests.debug.xcconfig"; path = "Target Support Files/Pods-Mitra-MitraUITests/Pods-Mitra-MitraUITests.debug.xcconfig"; sourceTree = "<group>"; };
		143C8B032D6F7F9C0070CA24 /* Mitra.app */ = {isa = PBXFileReference; explicitFileType = wrapper.application; includeInIndex = 0; path = Mitra.app; sourceTree = BUILT_PRODUCTS_DIR; };
		143C8B182D6F7FA60070CA24 /* MitraTests.xctest */ = {isa = PBXFileReference; explicitFileType = wrapper.cfbundle; includeInIndex = 0; path = MitraTests.xctest; sourceTree = BUILT_PRODUCTS_DIR; };
		143C8B222D6F7FA60070CA24 /* MitraUITests.xctest */ = {isa = PBXFileReference; explicitFileType = wrapper.cfbundle; includeInIndex = 0; path = MitraUITests.xctest; sourceTree = BUILT_PRODUCTS_DIR; };
		143C8B492D6F81E80070CA24 /* .gitignore */ = {isa = PBXFileReference; lastKnownFileType = text; path = .gitignore; sourceTree = "<group>"; };
		143C8B742D6F872A0070CA24 /* GoogleService-Info.plist */ = {isa = PBXFileReference; lastKnownFileType = text.plist.xml; path = "GoogleService-Info.plist"; sourceTree = "<group>"; };
		1D78669A5A6F4AD8ABA5FFBB /* Pods_MitraTests.framework */ = {isa = PBXFileReference; explicitFileType = wrapper.framework; includeInIndex = 0; path = Pods_MitraTests.framework; sourceTree = BUILT_PRODUCTS_DIR; };
		44F45BC853D6FA4F82FF8570 /* Pods_Mitra.framework */ = {isa = PBXFileReference; explicitFileType = wrapper.framework; includeInIndex = 0; path = Pods_Mitra.framework; sourceTree = BUILT_PRODUCTS_DIR; };
		9E212054F2D91DC34F1522C3 /* Pods-Mitra.debug.xcconfig */ = {isa = PBXFileReference; includeInIndex = 1; lastKnownFileType = text.xcconfig; name = "Pods-Mitra.debug.xcconfig"; path = "Target Support Files/Pods-Mitra/Pods-Mitra.debug.xcconfig"; sourceTree = "<group>"; };
		A6407D9747BF79CF9A07E47D /* Pods-MitraTests.debug.xcconfig */ = {isa = PBXFileReference; includeInIndex = 1; lastKnownFileType = text.xcconfig; name = "Pods-MitraTests.debug.xcconfig"; path = "Target Support Files/Pods-MitraTests/Pods-MitraTests.debug.xcconfig"; sourceTree = "<group>"; };
		BA5CA26184AC187CF8D58664 /* Pods_Mitra_MitraUITests.framework */ = {isa = PBXFileReference; explicitFileType = wrapper.framework; includeInIndex = 0; path = Pods_Mitra_MitraUITests.framework; sourceTree = BUILT_PRODUCTS_DIR; };
		BB886AAC7525896774DD8BC1 /* Pods-Mitra-MitraUITests.release.xcconfig */ = {isa = PBXFileReference; includeInIndex = 1; lastKnownFileType = text.xcconfig; name = "Pods-Mitra-MitraUITests.release.xcconfig"; path = "Target Support Files/Pods-Mitra-MitraUITests/Pods-Mitra-MitraUITests.release.xcconfig"; sourceTree = "<group>"; };
		BE439D242371306BC61E5AFB /* Pods-MitraTests.release.xcconfig */ = {isa = PBXFileReference; includeInIndex = 1; lastKnownFileType = text.xcconfig; name = "Pods-MitraTests.release.xcconfig"; path = "Target Support Files/Pods-MitraTests/Pods-MitraTests.release.xcconfig"; sourceTree = "<group>"; };
		E808B683EEB94D21D8FD8968 /* Pods-Mitra.release.xcconfig */ = {isa = PBXFileReference; includeInIndex = 1; lastKnownFileType = text.xcconfig; name = "Pods-Mitra.release.xcconfig"; path = "Target Support Files/Pods-Mitra/Pods-Mitra.release.xcconfig"; sourceTree = "<group>"; };
/* End PBXFileReference section */

/* Begin PBXFileSystemSynchronizedRootGroup section */
		143C8B052D6F7F9C0070CA24 /* Mitra */ = {
			isa = PBXFileSystemSynchronizedRootGroup;
			path = Mitra;
			sourceTree = "<group>";
		};
		143C8B1B2D6F7FA60070CA24 /* MitraTests */ = {
			isa = PBXFileSystemSynchronizedRootGroup;
			path = MitraTests;
			sourceTree = "<group>";
		};
		143C8B252D6F7FA60070CA24 /* MitraUITests */ = {
			isa = PBXFileSystemSynchronizedRootGroup;
			path = MitraUITests;
			sourceTree = "<group>";
		};
/* End PBXFileSystemSynchronizedRootGroup section */

/* Begin PBXFrameworksBuildPhase section */
		143C8B002D6F7F9C0070CA24 /* Frameworks */ = {
			isa = PBXFrameworksBuildPhase;
			buildActionMask = 2147483647;
			files = (
				A71E41891A1F32AF733DD0E3 /* Pods_Mitra.framework in Frameworks */,
			);
			runOnlyForDeploymentPostprocessing = 0;
		};
		143C8B152D6F7FA60070CA24 /* Frameworks */ = {
			isa = PBXFrameworksBuildPhase;
			buildActionMask = 2147483647;
			files = (
				AD8A8BBAD2B1FF655379D2FB /* Pods_MitraTests.framework in Frameworks */,
			);
			runOnlyForDeploymentPostprocessing = 0;
		};
		143C8B1F2D6F7FA60070CA24 /* Frameworks */ = {
			isa = PBXFrameworksBuildPhase;
			buildActionMask = 2147483647;
			files = (
				11CA0E03A33846847DEC648C /* Pods_Mitra_MitraUITests.framework in Frameworks */,
			);
			runOnlyForDeploymentPostprocessing = 0;
		};
/* End PBXFrameworksBuildPhase section */

/* Begin PBXGroup section */
		143C8AFA2D6F7F9C0070CA24 = {
			isa = PBXGroup;
			children = (
				143C8B052D6F7F9C0070CA24 /* Mitra */,
				143C8B1B2D6F7FA60070CA24 /* MitraTests */,
				143C8B252D6F7FA60070CA24 /* MitraUITests */,
				143C8B042D6F7F9C0070CA24 /* Products */,
				143C8B742D6F872A0070CA24 /* GoogleService-Info.plist */,
				143C8B492D6F81E80070CA24 /* .gitignore */,
				670B6BFFCCA4700608046849 /* Pods */,
				37C75C65EF7A07EDDCCE1EA2 /* Frameworks */,
			);
			sourceTree = "<group>";
		};
		143C8B042D6F7F9C0070CA24 /* Products */ = {
			isa = PBXGroup;
			children = (
				143C8B032D6F7F9C0070CA24 /* Mitra.app */,
				143C8B182D6F7FA60070CA24 /* MitraTests.xctest */,
				143C8B222D6F7FA60070CA24 /* MitraUITests.xctest */,
			);
			name = Products;
			sourceTree = "<group>";
		};
		37C75C65EF7A07EDDCCE1EA2 /* Frameworks */ = {
			isa = PBXGroup;
			children = (
				44F45BC853D6FA4F82FF8570 /* Pods_Mitra.framework */,
				BA5CA26184AC187CF8D58664 /* Pods_Mitra_MitraUITests.framework */,
				1D78669A5A6F4AD8ABA5FFBB /* Pods_MitraTests.framework */,
			);
			name = Frameworks;
			sourceTree = "<group>";
		};
		670B6BFFCCA4700608046849 /* Pods */ = {
			isa = PBXGroup;
			children = (
				9E212054F2D91DC34F1522C3 /* Pods-Mitra.debug.xcconfig */,
				E808B683EEB94D21D8FD8968 /* Pods-Mitra.release.xcconfig */,
				0903266C867E2A453EDD8D7D /* Pods-Mitra-MitraUITests.debug.xcconfig */,
				BB886AAC7525896774DD8BC1 /* Pods-Mitra-MitraUITests.release.xcconfig */,
				A6407D9747BF79CF9A07E47D /* Pods-MitraTests.debug.xcconfig */,
				BE439D242371306BC61E5AFB /* Pods-MitraTests.release.xcconfig */,
			);
			path = Pods;
			sourceTree = "<group>";
		};
/* End PBXGroup section */

/* Begin PBXNativeTarget section */
		143C8B022D6F7F9C0070CA24 /* Mitra */ = {
			isa = PBXNativeTarget;
			buildConfigurationList = 143C8B2C2D6F7FA60070CA24 /* Build configuration list for PBXNativeTarget "Mitra" */;
			buildPhases = (
				AAF09E94D4F6974DE826F6D4 /* [CP] Check Pods Manifest.lock */,
				143C8AFF2D6F7F9C0070CA24 /* Sources */,
				143C8B002D6F7F9C0070CA24 /* Frameworks */,
				143C8B012D6F7F9C0070CA24 /* Resources */,
				E9E74BF8C5A3AE3176822465 /* [CP] Embed Pods Frameworks */,
			);
			buildRules = (
			);
			dependencies = (
			);
			fileSystemSynchronizedGroups = (
				143C8B052D6F7F9C0070CA24 /* Mitra */,
			);
			name = Mitra;
			productName = Mitra;
			productReference = 143C8B032D6F7F9C0070CA24 /* Mitra.app */;
			productType = "com.apple.product-type.application";
		};
		143C8B172D6F7FA60070CA24 /* MitraTests */ = {
			isa = PBXNativeTarget;
			buildConfigurationList = 143C8B2F2D6F7FA60070CA24 /* Build configuration list for PBXNativeTarget "MitraTests" */;
			buildPhases = (
				AEC818F8B154EDDC8D3D815B /* [CP] Check Pods Manifest.lock */,
				143C8B142D6F7FA60070CA24 /* Sources */,
				143C8B152D6F7FA60070CA24 /* Frameworks */,
				143C8B162D6F7FA60070CA24 /* Resources */,
			);
			buildRules = (
			);
			dependencies = (
				143C8B1A2D6F7FA60070CA24 /* PBXTargetDependency */,
			);
			fileSystemSynchronizedGroups = (
				143C8B1B2D6F7FA60070CA24 /* MitraTests */,
			);
			name = MitraTests;
			productName = MitraTests;
			productReference = 143C8B182D6F7FA60070CA24 /* MitraTests.xctest */;
			productType = "com.apple.product-type.bundle.unit-test";
		};
		143C8B212D6F7FA60070CA24 /* MitraUITests */ = {
			isa = PBXNativeTarget;
			buildConfigurationList = 143C8B322D6F7FA60070CA24 /* Build configuration list for PBXNativeTarget "MitraUITests" */;
			buildPhases = (
				A2E3DEC9BC38D4BE24427C01 /* [CP] Check Pods Manifest.lock */,
				143C8B1E2D6F7FA60070CA24 /* Sources */,
				143C8B1F2D6F7FA60070CA24 /* Frameworks */,
				143C8B202D6F7FA60070CA24 /* Resources */,
				009589D9215C61EA0C3702E2 /* [CP] Embed Pods Frameworks */,
			);
			buildRules = (
			);
			dependencies = (
				143C8B242D6F7FA60070CA24 /* PBXTargetDependency */,
			);
			fileSystemSynchronizedGroups = (
				143C8B252D6F7FA60070CA24 /* MitraUITests */,
			);
			name = MitraUITests;
			productName = MitraUITests;
			productReference = 143C8B222D6F7FA60070CA24 /* MitraUITests.xctest */;
			productType = "com.apple.product-type.bundle.ui-testing";
		};
/* End PBXNativeTarget section */

/* Begin PBXProject section */
		143C8AFB2D6F7F9C0070CA24 /* Project object */ = {
			isa = PBXProject;
			attributes = {
				BuildIndependentTargetsInParallel = 1;
				LastSwiftUpdateCheck = 1620;
				LastUpgradeCheck = 1620;
				TargetAttributes = {
					143C8B022D6F7F9C0070CA24 = {
						CreatedOnToolsVersion = 16.2;
					};
					143C8B172D6F7FA60070CA24 = {
						CreatedOnToolsVersion = 16.2;
						TestTargetID = 143C8B022D6F7F9C0070CA24;
					};
					143C8B212D6F7FA60070CA24 = {
						CreatedOnToolsVersion = 16.2;
						TestTargetID = 143C8B022D6F7F9C0070CA24;
					};
				};
			};
			buildConfigurationList = 143C8AFE2D6F7F9C0070CA24 /* Build configuration list for PBXProject "Mitra" */;
			developmentRegion = en;
			hasScannedForEncodings = 0;
			knownRegions = (
				en,
				Base,
			);
			mainGroup = 143C8AFA2D6F7F9C0070CA24;
			minimizedProjectReferenceProxies = 1;
			preferredProjectObjectVersion = 77;
			productRefGroup = 143C8B042D6F7F9C0070CA24 /* Products */;
			projectDirPath = "";
			projectRoot = "";
			targets = (
				143C8B022D6F7F9C0070CA24 /* Mitra */,
				143C8B172D6F7FA60070CA24 /* MitraTests */,
				143C8B212D6F7FA60070CA24 /* MitraUITests */,
			);
		};
/* End PBXProject section */

/* Begin PBXResourcesBuildPhase section */
		143C8B012D6F7F9C0070CA24 /* Resources */ = {
			isa = PBXResourcesBuildPhase;
			buildActionMask = 2147483647;
			files = (
				143C8B752D6F872A0070CA24 /* GoogleService-Info.plist in Resources */,
				143C8B4A2D6F81F00070CA24 /* .gitignore in Resources */,
			);
			runOnlyForDeploymentPostprocessing = 0;
		};
		143C8B162D6F7FA60070CA24 /* Resources */ = {
			isa = PBXResourcesBuildPhase;
			buildActionMask = 2147483647;
			files = (
			);
			runOnlyForDeploymentPostprocessing = 0;
		};
		143C8B202D6F7FA60070CA24 /* Resources */ = {
			isa = PBXResourcesBuildPhase;
			buildActionMask = 2147483647;
			files = (
			);
			runOnlyForDeploymentPostprocessing = 0;
		};
/* End PBXResourcesBuildPhase section */

/* Begin PBXShellScriptBuildPhase section */
		009589D9215C61EA0C3702E2 /* [CP] Embed Pods Frameworks */ = {
			isa = PBXShellScriptBuildPhase;
			buildActionMask = 2147483647;
			files = (
			);
			inputFileListPaths = (
				"${PODS_ROOT}/Target Support Files/Pods-Mitra-MitraUITests/Pods-Mitra-MitraUITests-frameworks-${CONFIGURATION}-input-files.xcfilelist",
			);
			name = "[CP] Embed Pods Frameworks";
			outputFileListPaths = (
				"${PODS_ROOT}/Target Support Files/Pods-Mitra-MitraUITests/Pods-Mitra-MitraUITests-frameworks-${CONFIGURATION}-output-files.xcfilelist",
			);
			runOnlyForDeploymentPostprocessing = 0;
			shellPath = /bin/sh;
			shellScript = "\"${PODS_ROOT}/Target Support Files/Pods-Mitra-MitraUITests/Pods-Mitra-MitraUITests-frameworks.sh\"\n";
			showEnvVarsInLog = 0;
		};
		A2E3DEC9BC38D4BE24427C01 /* [CP] Check Pods Manifest.lock */ = {
			isa = PBXShellScriptBuildPhase;
			buildActionMask = 2147483647;
			files = (
			);
			inputFileListPaths = (
			);
			inputPaths = (
				"${PODS_PODFILE_DIR_PATH}/Podfile.lock",
				"${PODS_ROOT}/Manifest.lock",
			);
			name = "[CP] Check Pods Manifest.lock";
			outputFileListPaths = (
			);
			outputPaths = (
				"$(DERIVED_FILE_DIR)/Pods-Mitra-MitraUITests-checkManifestLockResult.txt",
			);
			runOnlyForDeploymentPostprocessing = 0;
			shellPath = /bin/sh;
			shellScript = "diff \"${PODS_PODFILE_DIR_PATH}/Podfile.lock\" \"${PODS_ROOT}/Manifest.lock\" > /dev/null\nif [ $? != 0 ] ; then\n    # print error to STDERR\n    echo \"error: The sandbox is not in sync with the Podfile.lock. Run 'pod install' or update your CocoaPods installation.\" >&2\n    exit 1\nfi\n# This output is used by Xcode 'outputs' to avoid re-running this script phase.\necho \"SUCCESS\" > \"${SCRIPT_OUTPUT_FILE_0}\"\n";
			showEnvVarsInLog = 0;
		};
		AAF09E94D4F6974DE826F6D4 /* [CP] Check Pods Manifest.lock */ = {
			isa = PBXShellScriptBuildPhase;
			buildActionMask = 2147483647;
			files = (
			);
			inputFileListPaths = (
			);
			inputPaths = (
				"${PODS_PODFILE_DIR_PATH}/Podfile.lock",
				"${PODS_ROOT}/Manifest.lock",
			);
			name = "[CP] Check Pods Manifest.lock";
			outputFileListPaths = (
			);
			outputPaths = (
				"$(DERIVED_FILE_DIR)/Pods-Mitra-checkManifestLockResult.txt",
			);
			runOnlyForDeploymentPostprocessing = 0;
			shellPath = /bin/sh;
			shellScript = "diff \"${PODS_PODFILE_DIR_PATH}/Podfile.lock\" \"${PODS_ROOT}/Manifest.lock\" > /dev/null\nif [ $? != 0 ] ; then\n    # print error to STDERR\n    echo \"error: The sandbox is not in sync with the Podfile.lock. Run 'pod install' or update your CocoaPods installation.\" >&2\n    exit 1\nfi\n# This output is used by Xcode 'outputs' to avoid re-running this script phase.\necho \"SUCCESS\" > \"${SCRIPT_OUTPUT_FILE_0}\"\n";
			showEnvVarsInLog = 0;
		};
		AEC818F8B154EDDC8D3D815B /* [CP] Check Pods Manifest.lock */ = {
			isa = PBXShellScriptBuildPhase;
			buildActionMask = 2147483647;
			files = (
			);
			inputFileListPaths = (
			);
			inputPaths = (
				"${PODS_PODFILE_DIR_PATH}/Podfile.lock",
				"${PODS_ROOT}/Manifest.lock",
			);
			name = "[CP] Check Pods Manifest.lock";
			outputFileListPaths = (
			);
			outputPaths = (
				"$(DERIVED_FILE_DIR)/Pods-MitraTests-checkManifestLockResult.txt",
			);
			runOnlyForDeploymentPostprocessing = 0;
			shellPath = /bin/sh;
			shellScript = "diff \"${PODS_PODFILE_DIR_PATH}/Podfile.lock\" \"${PODS_ROOT}/Manifest.lock\" > /dev/null\nif [ $? != 0 ] ; then\n    # print error to STDERR\n    echo \"error: The sandbox is not in sync with the Podfile.lock. Run 'pod install' or update your CocoaPods installation.\" >&2\n    exit 1\nfi\n# This output is used by Xcode 'outputs' to avoid re-running this script phase.\necho \"SUCCESS\" > \"${SCRIPT_OUTPUT_FILE_0}\"\n";
			showEnvVarsInLog = 0;
		};
		E9E74BF8C5A3AE3176822465 /* [CP] Embed Pods Frameworks */ = {
			isa = PBXShellScriptBuildPhase;
			buildActionMask = 2147483647;
			files = (
			);
			inputFileListPaths = (
				"${PODS_ROOT}/Target Support Files/Pods-Mitra/Pods-Mitra-frameworks-${CONFIGURATION}-input-files.xcfilelist",
			);
			name = "[CP] Embed Pods Frameworks";
			outputFileListPaths = (
				"${PODS_ROOT}/Target Support Files/Pods-Mitra/Pods-Mitra-frameworks-${CONFIGURATION}-output-files.xcfilelist",
			);
			runOnlyForDeploymentPostprocessing = 0;
			shellPath = /bin/sh;
			shellScript = "\"${PODS_ROOT}/Target Support Files/Pods-Mitra/Pods-Mitra-frameworks.sh\"\n";
			showEnvVarsInLog = 0;
		};
/* End PBXShellScriptBuildPhase section */

/* Begin PBXSourcesBuildPhase section */
		143C8AFF2D6F7F9C0070CA24 /* Sources */ = {
			isa = PBXSourcesBuildPhase;
			buildActionMask = 2147483647;
			files = (
			);
			runOnlyForDeploymentPostprocessing = 0;
		};
		143C8B142D6F7FA60070CA24 /* Sources */ = {
			isa = PBXSourcesBuildPhase;
			buildActionMask = 2147483647;
			files = (
			);
			runOnlyForDeploymentPostprocessing = 0;
		};
		143C8B1E2D6F7FA60070CA24 /* Sources */ = {
			isa = PBXSourcesBuildPhase;
			buildActionMask = 2147483647;
			files = (
			);
			runOnlyForDeploymentPostprocessing = 0;
		};
/* End PBXSourcesBuildPhase section */

/* Begin PBXTargetDependency section */
		143C8B1A2D6F7FA60070CA24 /* PBXTargetDependency */ = {
			isa = PBXTargetDependency;
			target = 143C8B022D6F7F9C0070CA24 /* Mitra */;
			targetProxy = 143C8B192D6F7FA60070CA24 /* PBXContainerItemProxy */;
		};
		143C8B242D6F7FA60070CA24 /* PBXTargetDependency */ = {
			isa = PBXTargetDependency;
			target = 143C8B022D6F7F9C0070CA24 /* Mitra */;
			targetProxy = 143C8B232D6F7FA60070CA24 /* PBXContainerItemProxy */;
		};
/* End PBXTargetDependency section */

/* Begin XCBuildConfiguration section */
		143C8B2A2D6F7FA60070CA24 /* Debug */ = {
			isa = XCBuildConfiguration;
			buildSettings = {
				ALWAYS_SEARCH_USER_PATHS = NO;
				ASSETCATALOG_COMPILER_GENERATE_SWIFT_ASSET_SYMBOL_EXTENSIONS = YES;
				CLANG_ANALYZER_NONNULL = YES;
				CLANG_ANALYZER_NUMBER_OBJECT_CONVERSION = YES_AGGRESSIVE;
				CLANG_CXX_LANGUAGE_STANDARD = "gnu++20";
				CLANG_ENABLE_MODULES = YES;
				CLANG_ENABLE_OBJC_ARC = YES;
				CLANG_ENABLE_OBJC_WEAK = YES;
				CLANG_WARN_BLOCK_CAPTURE_AUTORELEASING = YES;
				CLANG_WARN_BOOL_CONVERSION = YES;
				CLANG_WARN_COMMA = YES;
				CLANG_WARN_CONSTANT_CONVERSION = YES;
				CLANG_WARN_DEPRECATED_OBJC_IMPLEMENTATIONS = YES;
				CLANG_WARN_DIRECT_OBJC_ISA_USAGE = YES_ERROR;
				CLANG_WARN_DOCUMENTATION_COMMENTS = YES;
				CLANG_WARN_EMPTY_BODY = YES;
				CLANG_WARN_ENUM_CONVERSION = YES;
				CLANG_WARN_INFINITE_RECURSION = YES;
				CLANG_WARN_INT_CONVERSION = YES;
				CLANG_WARN_NON_LITERAL_NULL_CONVERSION = YES;
				CLANG_WARN_OBJC_IMPLICIT_RETAIN_SELF = YES;
				CLANG_WARN_OBJC_LITERAL_CONVERSION = YES;
				CLANG_WARN_OBJC_ROOT_CLASS = YES_ERROR;
				CLANG_WARN_QUOTED_INCLUDE_IN_FRAMEWORK_HEADER = YES;
				CLANG_WARN_RANGE_LOOP_ANALYSIS = YES;
				CLANG_WARN_STRICT_PROTOTYPES = YES;
				CLANG_WARN_SUSPICIOUS_MOVE = YES;
				CLANG_WARN_UNGUARDED_AVAILABILITY = YES_AGGRESSIVE;
				CLANG_WARN_UNREACHABLE_CODE = YES;
				CLANG_WARN__DUPLICATE_METHOD_MATCH = YES;
				COPY_PHASE_STRIP = NO;
				DEBUG_INFORMATION_FORMAT = dwarf;
				ENABLE_STRICT_OBJC_MSGSEND = YES;
				ENABLE_TESTABILITY = YES;
				ENABLE_USER_SCRIPT_SANDBOXING = YES;
				GCC_C_LANGUAGE_STANDARD = gnu17;
				GCC_DYNAMIC_NO_PIC = NO;
				GCC_NO_COMMON_BLOCKS = YES;
				GCC_OPTIMIZATION_LEVEL = 0;
				GCC_PREPROCESSOR_DEFINITIONS = (
					"DEBUG=1",
					"$(inherited)",
				);
				GCC_WARN_64_TO_32_BIT_CONVERSION = YES;
				GCC_WARN_ABOUT_RETURN_TYPE = YES_ERROR;
				GCC_WARN_UNDECLARED_SELECTOR = YES;
				GCC_WARN_UNINITIALIZED_AUTOS = YES_AGGRESSIVE;
				GCC_WARN_UNUSED_FUNCTION = YES;
				GCC_WARN_UNUSED_VARIABLE = YES;
				IPHONEOS_DEPLOYMENT_TARGET = 18.2;
				LOCALIZATION_PREFERS_STRING_CATALOGS = YES;
				MTL_ENABLE_DEBUG_INFO = INCLUDE_SOURCE;
				MTL_FAST_MATH = YES;
				ONLY_ACTIVE_ARCH = YES;
				SDKROOT = iphoneos;
				SWIFT_ACTIVE_COMPILATION_CONDITIONS = "DEBUG $(inherited)";
				SWIFT_OPTIMIZATION_LEVEL = "-Onone";
			};
			name = Debug;
		};
		143C8B2B2D6F7FA60070CA24 /* Release */ = {
			isa = XCBuildConfiguration;
			buildSettings = {
				ALWAYS_SEARCH_USER_PATHS = NO;
				ASSETCATALOG_COMPILER_GENERATE_SWIFT_ASSET_SYMBOL_EXTENSIONS = YES;
				CLANG_ANALYZER_NONNULL = YES;
				CLANG_ANALYZER_NUMBER_OBJECT_CONVERSION = YES_AGGRESSIVE;
				CLANG_CXX_LANGUAGE_STANDARD = "gnu++20";
				CLANG_ENABLE_MODULES = YES;
				CLANG_ENABLE_OBJC_ARC = YES;
				CLANG_ENABLE_OBJC_WEAK = YES;
				CLANG_WARN_BLOCK_CAPTURE_AUTORELEASING = YES;
				CLANG_WARN_BOOL_CONVERSION = YES;
				CLANG_WARN_COMMA = YES;
				CLANG_WARN_CONSTANT_CONVERSION = YES;
				CLANG_WARN_DEPRECATED_OBJC_IMPLEMENTATIONS = YES;
				CLANG_WARN_DIRECT_OBJC_ISA_USAGE = YES_ERROR;
				CLANG_WARN_DOCUMENTATION_COMMENTS = YES;
				CLANG_WARN_EMPTY_BODY = YES;
				CLANG_WARN_ENUM_CONVERSION = YES;
				CLANG_WARN_INFINITE_RECURSION = YES;
				CLANG_WARN_INT_CONVERSION = YES;
				CLANG_WARN_NON_LITERAL_NULL_CONVERSION = YES;
				CLANG_WARN_OBJC_IMPLICIT_RETAIN_SELF = YES;
				CLANG_WARN_OBJC_LITERAL_CONVERSION = YES;
				CLANG_WARN_OBJC_ROOT_CLASS = YES_ERROR;
				CLANG_WARN_QUOTED_INCLUDE_IN_FRAMEWORK_HEADER = YES;
				CLANG_WARN_RANGE_LOOP_ANALYSIS = YES;
				CLANG_WARN_STRICT_PROTOTYPES = YES;
				CLANG_WARN_SUSPICIOUS_MOVE = YES;
				CLANG_WARN_UNGUARDED_AVAILABILITY = YES_AGGRESSIVE;
				CLANG_WARN_UNREACHABLE_CODE = YES;
				CLANG_WARN__DUPLICATE_METHOD_MATCH = YES;
				COPY_PHASE_STRIP = NO;
				DEBUG_INFORMATION_FORMAT = "dwarf-with-dsym";
				ENABLE_NS_ASSERTIONS = NO;
				ENABLE_STRICT_OBJC_MSGSEND = YES;
				ENABLE_USER_SCRIPT_SANDBOXING = YES;
				GCC_C_LANGUAGE_STANDARD = gnu17;
				GCC_NO_COMMON_BLOCKS = YES;
				GCC_WARN_64_TO_32_BIT_CONVERSION = YES;
				GCC_WARN_ABOUT_RETURN_TYPE = YES_ERROR;
				GCC_WARN_UNDECLARED_SELECTOR = YES;
				GCC_WARN_UNINITIALIZED_AUTOS = YES_AGGRESSIVE;
				GCC_WARN_UNUSED_FUNCTION = YES;
				GCC_WARN_UNUSED_VARIABLE = YES;
				IPHONEOS_DEPLOYMENT_TARGET = 18.2;
				LOCALIZATION_PREFERS_STRING_CATALOGS = YES;
				MTL_ENABLE_DEBUG_INFO = NO;
				MTL_FAST_MATH = YES;
				SDKROOT = iphoneos;
				SWIFT_COMPILATION_MODE = wholemodule;
				VALIDATE_PRODUCT = YES;
			};
			name = Release;
		};
		143C8B2D2D6F7FA60070CA24 /* Debug */ = {
			isa = XCBuildConfiguration;
			baseConfigurationReference = 9E212054F2D91DC34F1522C3 /* Pods-Mitra.debug.xcconfig */;
			buildSettings = {
				ASSETCATALOG_COMPILER_APPICON_NAME = AppIcon;
				ASSETCATALOG_COMPILER_GLOBAL_ACCENT_COLOR_NAME = AccentColor;
				CODE_SIGN_STYLE = Automatic;
				CURRENT_PROJECT_VERSION = 1;
				DEVELOPMENT_ASSET_PATHS = "\"Mitra/Preview Content\"";
				DEVELOPMENT_TEAM = 2J897GT7TY;
				ENABLE_PREVIEWS = YES;
				GENERATE_INFOPLIST_FILE = YES;
				INFOPLIST_KEY_CFBundleDisplayName = Mitra;
				INFOPLIST_KEY_LSApplicationCategoryType = "public.app-category.lifestyle";
				INFOPLIST_KEY_UIApplicationSceneManifest_Generation = YES;
				INFOPLIST_KEY_UIApplicationSupportsIndirectInputEvents = YES;
				INFOPLIST_KEY_UILaunchScreen_Generation = YES;
				INFOPLIST_KEY_UIStatusBarStyle = "";
				INFOPLIST_KEY_UISupportedInterfaceOrientations_iPad = "UIInterfaceOrientationPortrait UIInterfaceOrientationPortraitUpsideDown UIInterfaceOrientationLandscapeLeft UIInterfaceOrientationLandscapeRight";
				INFOPLIST_KEY_UISupportedInterfaceOrientations_iPhone = "UIInterfaceOrientationPortrait UIInterfaceOrientationLandscapeLeft UIInterfaceOrientationLandscapeRight";
				IPHONEOS_DEPLOYMENT_TARGET = 18.0;
				LD_RUNPATH_SEARCH_PATHS = (
					"$(inherited)",
					"@executable_path/Frameworks",
				);
				MARKETING_VERSION = 1.0;
				PRODUCT_BUNDLE_IDENTIFIER = Hello.MyMitra;
				PRODUCT_NAME = "$(TARGET_NAME)";
				SWIFT_EMIT_LOC_STRINGS = YES;
				SWIFT_VERSION = 5.0;
				TARGETED_DEVICE_FAMILY = "1,2";
			};
			name = Debug;
		};
		143C8B2E2D6F7FA60070CA24 /* Release */ = {
			isa = XCBuildConfiguration;
			baseConfigurationReference = E808B683EEB94D21D8FD8968 /* Pods-Mitra.release.xcconfig */;
			buildSettings = {
				ASSETCATALOG_COMPILER_APPICON_NAME = AppIcon;
				ASSETCATALOG_COMPILER_GLOBAL_ACCENT_COLOR_NAME = AccentColor;
				CODE_SIGN_STYLE = Automatic;
				CURRENT_PROJECT_VERSION = 1;
				DEVELOPMENT_ASSET_PATHS = "\"Mitra/Preview Content\"";
				DEVELOPMENT_TEAM = 2J897GT7TY;
				ENABLE_PREVIEWS = YES;
				GENERATE_INFOPLIST_FILE = YES;
				INFOPLIST_KEY_CFBundleDisplayName = Mitra;
				INFOPLIST_KEY_LSApplicationCategoryType = "public.app-category.lifestyle";
				INFOPLIST_KEY_UIApplicationSceneManifest_Generation = YES;
				INFOPLIST_KEY_UIApplicationSupportsIndirectInputEvents = YES;
				INFOPLIST_KEY_UILaunchScreen_Generation = YES;
				INFOPLIST_KEY_UIStatusBarStyle = "";
				INFOPLIST_KEY_UISupportedInterfaceOrientations_iPad = "UIInterfaceOrientationPortrait UIInterfaceOrientationPortraitUpsideDown UIInterfaceOrientationLandscapeLeft UIInterfaceOrientationLandscapeRight";
				INFOPLIST_KEY_UISupportedInterfaceOrientations_iPhone = "UIInterfaceOrientationPortrait UIInterfaceOrientationLandscapeLeft UIInterfaceOrientationLandscapeRight";
				IPHONEOS_DEPLOYMENT_TARGET = 18.0;
				LD_RUNPATH_SEARCH_PATHS = (
					"$(inherited)",
					"@executable_path/Frameworks",
				);
				MARKETING_VERSION = 1.0;
				PRODUCT_BUNDLE_IDENTIFIER = Hello.MyMitra;
				PRODUCT_NAME = "$(TARGET_NAME)";
				SWIFT_EMIT_LOC_STRINGS = YES;
				SWIFT_VERSION = 5.0;
				TARGETED_DEVICE_FAMILY = "1,2";
			};
			name = Release;
		};
		143C8B302D6F7FA60070CA24 /* Debug */ = {
			isa = XCBuildConfiguration;
			baseConfigurationReference = A6407D9747BF79CF9A07E47D /* Pods-MitraTests.debug.xcconfig */;
			buildSettings = {
				BUNDLE_LOADER = "$(TEST_HOST)";
				CODE_SIGN_STYLE = Automatic;
				CURRENT_PROJECT_VERSION = 1;
				DEVELOPMENT_TEAM = 2J897GT7TY;
				GENERATE_INFOPLIST_FILE = YES;
				IPHONEOS_DEPLOYMENT_TARGET = 18.2;
				MARKETING_VERSION = 1.0;
				PRODUCT_BUNDLE_IDENTIFIER = StavanGandhi.MitraTests;
				PRODUCT_NAME = "$(TARGET_NAME)";
				SWIFT_EMIT_LOC_STRINGS = NO;
				SWIFT_VERSION = 5.0;
				TARGETED_DEVICE_FAMILY = "1,2";
				TEST_HOST = "$(BUILT_PRODUCTS_DIR)/Mitra.app/$(BUNDLE_EXECUTABLE_FOLDER_PATH)/Mitra";
			};
			name = Debug;
		};
		143C8B312D6F7FA60070CA24 /* Release */ = {
			isa = XCBuildConfiguration;
			baseConfigurationReference = BE439D242371306BC61E5AFB /* Pods-MitraTests.release.xcconfig */;
			buildSettings = {
				BUNDLE_LOADER = "$(TEST_HOST)";
				CODE_SIGN_STYLE = Automatic;
				CURRENT_PROJECT_VERSION = 1;
				DEVELOPMENT_TEAM = 2J897GT7TY;
				GENERATE_INFOPLIST_FILE = YES;
				IPHONEOS_DEPLOYMENT_TARGET = 18.2;
				MARKETING_VERSION = 1.0;
				PRODUCT_BUNDLE_IDENTIFIER = StavanGandhi.MitraTests;
				PRODUCT_NAME = "$(TARGET_NAME)";
				SWIFT_EMIT_LOC_STRINGS = NO;
				SWIFT_VERSION = 5.0;
				TARGETED_DEVICE_FAMILY = "1,2";
				TEST_HOST = "$(BUILT_PRODUCTS_DIR)/Mitra.app/$(BUNDLE_EXECUTABLE_FOLDER_PATH)/Mitra";
			};
			name = Release;
		};
		143C8B332D6F7FA60070CA24 /* Debug */ = {
			isa = XCBuildConfiguration;
			baseConfigurationReference = 0903266C867E2A453EDD8D7D /* Pods-Mitra-MitraUITests.debug.xcconfig */;
			buildSettings = {
				CODE_SIGN_STYLE = Automatic;
				CURRENT_PROJECT_VERSION = 1;
				DEVELOPMENT_TEAM = 2J897GT7TY;
				GENERATE_INFOPLIST_FILE = YES;
				MARKETING_VERSION = 1.0;
				PRODUCT_BUNDLE_IDENTIFIER = StavanGandhi.MitraUITests;
				PRODUCT_NAME = "$(TARGET_NAME)";
				SWIFT_EMIT_LOC_STRINGS = NO;
				SWIFT_VERSION = 5.0;
				TARGETED_DEVICE_FAMILY = "1,2";
				TEST_TARGET_NAME = Mitra;
			};
			name = Debug;
		};
		143C8B342D6F7FA60070CA24 /* Release */ = {
			isa = XCBuildConfiguration;
			baseConfigurationReference = BB886AAC7525896774DD8BC1 /* Pods-Mitra-MitraUITests.release.xcconfig */;
			buildSettings = {
				CODE_SIGN_STYLE = Automatic;
				CURRENT_PROJECT_VERSION = 1;
				DEVELOPMENT_TEAM = 2J897GT7TY;
				GENERATE_INFOPLIST_FILE = YES;
				MARKETING_VERSION = 1.0;
				PRODUCT_BUNDLE_IDENTIFIER = StavanGandhi.MitraUITests;
				PRODUCT_NAME = "$(TARGET_NAME)";
				SWIFT_EMIT_LOC_STRINGS = NO;
				SWIFT_VERSION = 5.0;
				TARGETED_DEVICE_FAMILY = "1,2";
				TEST_TARGET_NAME = Mitra;
			};
			name = Release;
		};
/* End XCBuildConfiguration section */

/* Begin XCConfigurationList section */
		143C8AFE2D6F7F9C0070CA24 /* Build configuration list for PBXProject "Mitra" */ = {
			isa = XCConfigurationList;
			buildConfigurations = (
				143C8B2A2D6F7FA60070CA24 /* Debug */,
				143C8B2B2D6F7FA60070CA24 /* Release */,
			);
			defaultConfigurationIsVisible = 0;
			defaultConfigurationName = Release;
		};
		143C8B2C2D6F7FA60070CA24 /* Build configuration list for PBXNativeTarget "Mitra" */ = {
			isa = XCConfigurationList;
			buildConfigurations = (
				143C8B2D2D6F7FA60070CA24 /* Debug */,
				143C8B2E2D6F7FA60070CA24 /* Release */,
			);
			defaultConfigurationIsVisible = 0;
			defaultConfigurationName = Release;
		};
		143C8B2F2D6F7FA60070CA24 /* Build configuration list for PBXNativeTarget "MitraTests" */ = {
			isa = XCConfigurationList;
			buildConfigurations = (
				143C8B302D6F7FA60070CA24 /* Debug */,
				143C8B312D6F7FA60070CA24 /* Release */,
			);
			defaultConfigurationIsVisible = 0;
			defaultConfigurationName = Release;
		};
		143C8B322D6F7FA60070CA24 /* Build configuration list for PBXNativeTarget "MitraUITests" */ = {
			isa = XCConfigurationList;
			buildConfigurations = (
				143C8B332D6F7FA60070CA24 /* Debug */,
				143C8B342D6F7FA60070CA24 /* Release */,
			);
			defaultConfigurationIsVisible = 0;
			defaultConfigurationName = Release;
		};
/* End XCConfigurationList section */
	};
	rootObject = 143C8AFB2D6F7F9C0070CA24 /* Project object */;
}
